// !$*UTF8*$!
{
	archiveVersion = 1;
	classes = {
	};
	objectVersion = 50;
	objects = {

/* Begin PBXBuildFile section */
		2D911D2626DB6C330060F154 /* A.wav in Resources */ = {isa = PBXBuildFile; fileRef = 2D911D1F26DB6C330060F154 /* A.wav */; };
		2D911D2726DB6C330060F154 /* C.wav in Resources */ = {isa = PBXBuildFile; fileRef = 2D911D2026DB6C330060F154 /* C.wav */; };
		2D911D2826DB6C330060F154 /* B.wav in Resources */ = {isa = PBXBuildFile; fileRef = 2D911D2126DB6C330060F154 /* B.wav */; };
		2D911D2926DB6C330060F154 /* F.wav in Resources */ = {isa = PBXBuildFile; fileRef = 2D911D2226DB6C330060F154 /* F.wav */; };
		2D911D2A26DB6C330060F154 /* G.wav in Resources */ = {isa = PBXBuildFile; fileRef = 2D911D2326DB6C330060F154 /* G.wav */; };
		2D911D2B26DB6C330060F154 /* E.wav in Resources */ = {isa = PBXBuildFile; fileRef = 2D911D2426DB6C330060F154 /* E.wav */; };
		2D911D2C26DB6C330060F154 /* D.wav in Resources */ = {isa = PBXBuildFile; fileRef = 2D911D2526DB6C330060F154 /* D.wav */; };
		2DE03A5526DB61DA0023BEC7 /* AppDelegate.swift in Sources */ = {isa = PBXBuildFile; fileRef = 2DE03A5426DB61DA0023BEC7 /* AppDelegate.swift */; };
		2DE03A5726DB61DA0023BEC7 /* SceneDelegate.swift in Sources */ = {isa = PBXBuildFile; fileRef = 2DE03A5626DB61DA0023BEC7 /* SceneDelegate.swift */; };
		2DE03A5926DB61DA0023BEC7 /* ViewController.swift in Sources */ = {isa = PBXBuildFile; fileRef = 2DE03A5826DB61DA0023BEC7 /* ViewController.swift */; };
		2DE03A5C26DB61DA0023BEC7 /* Main.storyboard in Resources */ = {isa = PBXBuildFile; fileRef = 2DE03A5A26DB61DA0023BEC7 /* Main.storyboard */; };
		2DE03A5E26DB61DB0023BEC7 /* Assets.xcassets in Resources */ = {isa = PBXBuildFile; fileRef = 2DE03A5D26DB61DB0023BEC7 /* Assets.xcassets */; };
		2DE03A6126DB61DB0023BEC7 /* LaunchScreen.storyboard in Resources */ = {isa = PBXBuildFile; fileRef = 2DE03A5F26DB61DB0023BEC7 /* LaunchScreen.storyboard */; };
/* End PBXBuildFile section */

/* Begin PBXFileReference section */
		2D911D1F26DB6C330060F154 /* A.wav */ = {isa = PBXFileReference; lastKnownFileType = audio.wav; path = A.wav; sourceTree = "<group>"; };
		2D911D2026DB6C330060F154 /* C.wav */ = {isa = PBXFileReference; lastKnownFileType = audio.wav; path = C.wav; sourceTree = "<group>"; };
		2D911D2126DB6C330060F154 /* B.wav */ = {isa = PBXFileReference; lastKnownFileType = audio.wav; path = B.wav; sourceTree = "<group>"; };
		2D911D2226DB6C330060F154 /* F.wav */ = {isa = PBXFileReference; lastKnownFileType = audio.wav; path = F.wav; sourceTree = "<group>"; };
		2D911D2326DB6C330060F154 /* G.wav */ = {isa = PBXFileReference; lastKnownFileType = audio.wav; path = G.wav; sourceTree = "<group>"; };
		2D911D2426DB6C330060F154 /* E.wav */ = {isa = PBXFileReference; lastKnownFileType = audio.wav; path = E.wav; sourceTree = "<group>"; };
		2D911D2526DB6C330060F154 /* D.wav */ = {isa = PBXFileReference; lastKnownFileType = audio.wav; path = D.wav; sourceTree = "<group>"; };
		2DE03A5126DB61DA0023BEC7 /* Xylophone-App-MyTake.app */ = {isa = PBXFileReference; explicitFileType = wrapper.application; includeInIndex = 0; path = "Xylophone-App-MyTake.app"; sourceTree = BUILT_PRODUCTS_DIR; };
		2DE03A5426DB61DA0023BEC7 /* AppDelegate.swift */ = {isa = PBXFileReference; lastKnownFileType = sourcecode.swift; path = AppDelegate.swift; sourceTree = "<group>"; };
		2DE03A5626DB61DA0023BEC7 /* SceneDelegate.swift */ = {isa = PBXFileReference; lastKnownFileType = sourcecode.swift; path = SceneDelegate.swift; sourceTree = "<group>"; };
		2DE03A5826DB61DA0023BEC7 /* ViewController.swift */ = {isa = PBXFileReference; lastKnownFileType = sourcecode.swift; path = ViewController.swift; sourceTree = "<group>"; };
		2DE03A5B26DB61DA0023BEC7 /* Base */ = {isa = PBXFileReference; lastKnownFileType = file.storyboard; name = Base; path = Base.lproj/Main.storyboard; sourceTree = "<group>"; };
		2DE03A5D26DB61DB0023BEC7 /* Assets.xcassets */ = {isa = PBXFileReference; lastKnownFileType = folder.assetcatalog; path = Assets.xcassets; sourceTree = "<group>"; };
		2DE03A6026DB61DB0023BEC7 /* Base */ = {isa = PBXFileReference; lastKnownFileType = file.storyboard; name = Base; path = Base.lproj/LaunchScreen.storyboard; sourceTree = "<group>"; };
		2DE03A6226DB61DB0023BEC7 /* Info.plist */ = {isa = PBXFileReference; lastKnownFileType = text.plist.xml; path = Info.plist; sourceTree = "<group>"; };
/* End PBXFileReference section */

/* Begin PBXFrameworksBuildPhase section */
		2DE03A4E26DB61DA0023BEC7 /* Frameworks */ = {
			isa = PBXFrameworksBuildPhase;
			buildActionMask = 2147483647;
			files = (
			);
			runOnlyForDeploymentPostprocessing = 0;
		};
/* End PBXFrameworksBuildPhase section */

/* Begin PBXGroup section */
		2D911D1E26DB6C330060F154 /* Sounds */ = {
			isa = PBXGroup;
			children = (
				2D911D1F26DB6C330060F154 /* A.wav */,
				2D911D2026DB6C330060F154 /* C.wav */,
				2D911D2126DB6C330060F154 /* B.wav */,
				2D911D2226DB6C330060F154 /* F.wav */,
				2D911D2326DB6C330060F154 /* G.wav */,
				2D911D2426DB6C330060F154 /* E.wav */,
				2D911D2526DB6C330060F154 /* D.wav */,
			);
			path = Sounds;
			sourceTree = "<group>";
		};
		2DE03A4826DB61DA0023BEC7 = {
			isa = PBXGroup;
			children = (
				2DE03A5326DB61DA0023BEC7 /* Xylophone-App-MyTake */,
				2DE03A5226DB61DA0023BEC7 /* Products */,
			);
			sourceTree = "<group>";
		};
		2DE03A5226DB61DA0023BEC7 /* Products */ = {
			isa = PBXGroup;
			children = (
				2DE03A5126DB61DA0023BEC7 /* Xylophone-App-MyTake.app */,
			);
			name = Products;
			sourceTree = "<group>";
		};
		2DE03A5326DB61DA0023BEC7 /* Xylophone-App-MyTake */ = {
			isa = PBXGroup;
			children = (
				2DE03A5426DB61DA0023BEC7 /* AppDelegate.swift */,
				2DE03A5626DB61DA0023BEC7 /* SceneDelegate.swift */,
				2DE03A5826DB61DA0023BEC7 /* ViewController.swift */,
				2DE03A5A26DB61DA0023BEC7 /* Main.storyboard */,
				2DE03A5D26DB61DB0023BEC7 /* Assets.xcassets */,
				2DE03A5F26DB61DB0023BEC7 /* LaunchScreen.storyboard */,
				2DE03A6226DB61DB0023BEC7 /* Info.plist */,
				2D911D1E26DB6C330060F154 /* Sounds */,
			);
			path = "Xylophone-App-MyTake";
			sourceTree = "<group>";
		};
/* End PBXGroup section */

/* Begin PBXNativeTarget section */
		2DE03A5026DB61DA0023BEC7 /* Xylophone-App-MyTake */ = {
			isa = PBXNativeTarget;
			buildConfigurationList = 2DE03A6526DB61DB0023BEC7 /* Build configuration list for PBXNativeTarget "Xylophone-App-MyTake" */;
			buildPhases = (
				2DE03A4D26DB61DA0023BEC7 /* Sources */,
				2DE03A4E26DB61DA0023BEC7 /* Frameworks */,
				2DE03A4F26DB61DA0023BEC7 /* Resources */,
			);
			buildRules = (
			);
			dependencies = (
			);
			name = "Xylophone-App-MyTake";
			productName = "Xylophone-App-MyTake";
			productReference = 2DE03A5126DB61DA0023BEC7 /* Xylophone-App-MyTake.app */;
			productType = "com.apple.product-type.application";
		};
/* End PBXNativeTarget section */

/* Begin PBXProject section */
		2DE03A4926DB61DA0023BEC7 /* Project object */ = {
			isa = PBXProject;
			attributes = {
				LastSwiftUpdateCheck = 1250;
				LastUpgradeCheck = 1250;
				TargetAttributes = {
					2DE03A5026DB61DA0023BEC7 = {
						CreatedOnToolsVersion = 12.5.1;
					};
				};
			};
			buildConfigurationList = 2DE03A4C26DB61DA0023BEC7 /* Build configuration list for PBXProject "Xylophone-App-MyTake" */;
			compatibilityVersion = "Xcode 9.3";
			developmentRegion = en;
			hasScannedForEncodings = 0;
			knownRegions = (
				en,
				Base,
			);
			mainGroup = 2DE03A4826DB61DA0023BEC7;
			productRefGroup = 2DE03A5226DB61DA0023BEC7 /* Products */;
			projectDirPath = "";
			projectRoot = "";
			targets = (
				2DE03A5026DB61DA0023BEC7 /* Xylophone-App-MyTake */,
			);
		};
/* End PBXProject section */

/* Begin PBXResourcesBuildPhase section */
		2DE03A4F26DB61DA0023BEC7 /* Resources */ = {
			isa = PBXResourcesBuildPhase;
			buildActionMask = 2147483647;
			files = (
				2D911D2A26DB6C330060F154 /* G.wav in Resources */,
				2DE03A6126DB61DB0023BEC7 /* LaunchScreen.storyboard in Resources */,
				2D911D2926DB6C330060F154 /* F.wav in Resources */,
				2DE03A5E26DB61DB0023BEC7 /* Assets.xcassets in Resources */,
				2D911D2626DB6C330060F154 /* A.wav in Resources */,
				2D911D2826DB6C330060F154 /* B.wav in Resources */,
				2D911D2B26DB6C330060F154 /* E.wav in Resources */,
				2D911D2C26DB6C330060F154 /* D.wav in Resources */,
				2DE03A5C26DB61DA0023BEC7 /* Main.storyboard in Resources */,
				2D911D2726DB6C330060F154 /* C.wav in Resources */,
			);
			runOnlyForDeploymentPostprocessing = 0;
		};
/* End PBXResourcesBuildPhase section */

/* Begin PBXSourcesBuildPhase section */
		2DE03A4D26DB61DA0023BEC7 /* Sources */ = {
			isa = PBXSourcesBuildPhase;
			buildActionMask = 2147483647;
			files = (
				2DE03A5926DB61DA0023BEC7 /* ViewController.swift in Sources */,
				2DE03A5526DB61DA0023BEC7 /* AppDelegate.swift in Sources */,
				2DE03A5726DB61DA0023BEC7 /* SceneDelegate.swift in Sources */,
			);
			runOnlyForDeploymentPostprocessing = 0;
		};
/* End PBXSourcesBuildPhase section */

/* Begin PBXVariantGroup section */
		2DE03A5A26DB61DA0023BEC7 /* Main.storyboard */ = {
			isa = PBXVariantGroup;
			children = (
				2DE03A5B26DB61DA0023BEC7 /* Base */,
			);
			name = Main.storyboard;
			sourceTree = "<group>";
		};
		2DE03A5F26DB61DB0023BEC7 /* LaunchScreen.storyboard */ = {
			isa = PBXVariantGroup;
			children = (
				2DE03A6026DB61DB0023BEC7 /* Base */,
			);
			name = LaunchScreen.storyboard;
			sourceTree = "<group>";
		};
/* End PBXVariantGroup section */

/* Begin XCBuildConfiguration section */
		2DE03A6326DB61DB0023BEC7 /* Debug */ = {
			isa = XCBuildConfiguration;
			buildSettings = {
				ALWAYS_SEARCH_USER_PATHS = NO;
				CLANG_ANALYZER_NONNULL = YES;
				CLANG_ANALYZER_NUMBER_OBJECT_CONVERSION = YES_AGGRESSIVE;
				CLANG_CXX_LANGUAGE_STANDARD = "gnu++14";
				CLANG_CXX_LIBRARY = "libc++";
				CLANG_ENABLE_MODULES = YES;
				CLANG_ENABLE_OBJC_ARC = YES;
				CLANG_ENABLE_OBJC_WEAK = YES;
				CLANG_WARN_BLOCK_CAPTURE_AUTORELEASING = YES;
				CLANG_WARN_BOOL_CONVERSION = YES;
				CLANG_WARN_COMMA = YES;
				CLANG_WARN_CONSTANT_CONVERSION = YES;
				CLANG_WARN_DEPRECATED_OBJC_IMPLEMENTATIONS = YES;
				CLANG_WARN_DIRECT_OBJC_ISA_USAGE = YES_ERROR;
				CLANG_WARN_DOCUMENTATION_COMMENTS = YES;
				CLANG_WARN_EMPTY_BODY = YES;
				CLANG_WARN_ENUM_CONVERSION = YES;
				CLANG_WARN_INFINITE_RECURSION = YES;
				CLANG_WARN_INT_CONVERSION = YES;
				CLANG_WARN_NON_LITERAL_NULL_CONVERSION = YES;
				CLANG_WARN_OBJC_IMPLICIT_RETAIN_SELF = YES;
				CLANG_WARN_OBJC_LITERAL_CONVERSION = YES;
				CLANG_WARN_OBJC_ROOT_CLASS = YES_ERROR;
				CLANG_WARN_QUOTED_INCLUDE_IN_FRAMEWORK_HEADER = YES;
				CLANG_WARN_RANGE_LOOP_ANALYSIS = YES;
				CLANG_WARN_STRICT_PROTOTYPES = YES;
				CLANG_WARN_SUSPICIOUS_MOVE = YES;
				CLANG_WARN_UNGUARDED_AVAILABILITY = YES_AGGRESSIVE;
				CLANG_WARN_UNREACHABLE_CODE = YES;
				CLANG_WARN__DUPLICATE_METHOD_MATCH = YES;
				COPY_PHASE_STRIP = NO;
				DEBUG_INFORMATION_FORMAT = dwarf;
				ENABLE_STRICT_OBJC_MSGSEND = YES;
				ENABLE_TESTABILITY = YES;
				GCC_C_LANGUAGE_STANDARD = gnu11;
				GCC_DYNAMIC_NO_PIC = NO;
				GCC_NO_COMMON_BLOCKS = YES;
				GCC_OPTIMIZATION_LEVEL = 0;
				GCC_PREPROCESSOR_DEFINITIONS = (
					"DEBUG=1",
					"$(inherited)",
				);
				GCC_WARN_64_TO_32_BIT_CONVERSION = YES;
				GCC_WARN_ABOUT_RETURN_TYPE = YES_ERROR;
				GCC_WARN_UNDECLARED_SELECTOR = YES;
				GCC_WARN_UNINITIALIZED_AUTOS = YES_AGGRESSIVE;
				GCC_WARN_UNUSED_FUNCTION = YES;
				GCC_WARN_UNUSED_VARIABLE = YES;
				IPHONEOS_DEPLOYMENT_TARGET = 14.5;
				MTL_ENABLE_DEBUG_INFO = INCLUDE_SOURCE;
				MTL_FAST_MATH = YES;
				ONLY_ACTIVE_ARCH = YES;
				SDKROOT = iphoneos;
				SWIFT_ACTIVE_COMPILATION_CONDITIONS = DEBUG;
				SWIFT_OPTIMIZATION_LEVEL = "-Onone";
			};
			name = Debug;
		};
		2DE03A6426DB61DB0023BEC7 /* Release */ = {
			isa = XCBuildConfiguration;
			buildSettings = {
				ALWAYS_SEARCH_USER_PATHS = NO;
				CLANG_ANALYZER_NONNULL = YES;
				CLANG_ANALYZER_NUMBER_OBJECT_CONVERSION = YES_AGGRESSIVE;
				CLANG_CXX_LANGUAGE_STANDARD = "gnu++14";
				CLANG_CXX_LIBRARY = "libc++";
				CLANG_ENABLE_MODULES = YES;
				CLANG_ENABLE_OBJC_ARC = YES;
				CLANG_ENABLE_OBJC_WEAK = YES;
				CLANG_WARN_BLOCK_CAPTURE_AUTORELEASING = YES;
				CLANG_WARN_BOOL_CONVERSION = YES;
				CLANG_WARN_COMMA = YES;
				CLANG_WARN_CONSTANT_CONVERSION = YES;
				CLANG_WARN_DEPRECATED_OBJC_IMPLEMENTATIONS = YES;
				CLANG_WARN_DIRECT_OBJC_ISA_USAGE = YES_ERROR;
				CLANG_WARN_DOCUMENTATION_COMMENTS = YES;
				CLANG_WARN_EMPTY_BODY = YES;
				CLANG_WARN_ENUM_CONVERSION = YES;
				CLANG_WARN_INFINITE_RECURSION = YES;
				CLANG_WARN_INT_CONVERSION = YES;
				CLANG_WARN_NON_LITERAL_NULL_CONVERSION = YES;
				CLANG_WARN_OBJC_IMPLICIT_RETAIN_SELF = YES;
				CLANG_WARN_OBJC_LITERAL_CONVERSION = YES;
				CLANG_WARN_OBJC_ROOT_CLASS = YES_ERROR;
				CLANG_WARN_QUOTED_INCLUDE_IN_FRAMEWORK_HEADER = YES;
				CLANG_WARN_RANGE_LOOP_ANALYSIS = YES;
				CLANG_WARN_STRICT_PROTOTYPES = YES;
				CLANG_WARN_SUSPICIOUS_MOVE = YES;
				CLANG_WARN_UNGUARDED_AVAILABILITY = YES_AGGRESSIVE;
				CLANG_WARN_UNREACHABLE_CODE = YES;
				CLANG_WARN__DUPLICATE_METHOD_MATCH = YES;
				COPY_PHASE_STRIP = NO;
				DEBUG_INFORMATION_FORMAT = "dwarf-with-dsym";
				ENABLE_NS_ASSERTIONS = NO;
				ENABLE_STRICT_OBJC_MSGSEND = YES;
				GCC_C_LANGUAGE_STANDARD = gnu11;
				GCC_NO_COMMON_BLOCKS = YES;
				GCC_WARN_64_TO_32_BIT_CONVERSION = YES;
				GCC_WARN_ABOUT_RETURN_TYPE = YES_ERROR;
				GCC_WARN_UNDECLARED_SELECTOR = YES;
				GCC_WARN_UNINITIALIZED_AUTOS = YES_AGGRESSIVE;
				GCC_WARN_UNUSED_FUNCTION = YES;
				GCC_WARN_UNUSED_VARIABLE = YES;
				IPHONEOS_DEPLOYMENT_TARGET = 14.5;
				MTL_ENABLE_DEBUG_INFO = NO;
				MTL_FAST_MATH = YES;
				SDKROOT = iphoneos;
				SWIFT_COMPILATION_MODE = wholemodule;
				SWIFT_OPTIMIZATION_LEVEL = "-O";
				VALIDATE_PRODUCT = YES;
			};
			name = Release;
		};
		2DE03A6626DB61DB0023BEC7 /* Debug */ = {
			isa = XCBuildConfiguration;
			buildSettings = {
				ASSETCATALOG_COMPILER_APPICON_NAME = AppIcon;
				ASSETCATALOG_COMPILER_GLOBAL_ACCENT_COLOR_NAME = AccentColor;
				CODE_SIGN_STYLE = Automatic;
				INFOPLIST_FILE = "Xylophone-App-MyTake/Info.plist";
				LD_RUNPATH_SEARCH_PATHS = (
					"$(inherited)",
					"@executable_path/Frameworks",
				);
				PRODUCT_BUNDLE_IDENTIFIER = "com.sarthaks.Xylophone-App-MyTake";
				PRODUCT_NAME = "$(TARGET_NAME)";
				SWIFT_VERSION = 5.0;
				TARGETED_DEVICE_FAMILY = "1,2";
			};
			name = Debug;
		};
		2DE03A6726DB61DB0023BEC7 /* Release */ = {
			isa = XCBuildConfiguration;
			buildSettings = {
				ASSETCATALOG_COMPILER_APPICON_NAME = AppIcon;
				ASSETCATALOG_COMPILER_GLOBAL_ACCENT_COLOR_NAME = AccentColor;
				CODE_SIGN_STYLE = Automatic;
				INFOPLIST_FILE = "Xylophone-App-MyTake/Info.plist";
				LD_RUNPATH_SEARCH_PATHS = (
					"$(inherited)",
					"@executable_path/Frameworks",
				);
				PRODUCT_BUNDLE_IDENTIFIER = "com.sarthaks.Xylophone-App-MyTake";
				PRODUCT_NAME = "$(TARGET_NAME)";
				SWIFT_VERSION = 5.0;
				TARGETED_DEVICE_FAMILY = "1,2";
			};
			name = Release;
		};
/* End XCBuildConfiguration section */

/* Begin XCConfigurationList section */
		2DE03A4C26DB61DA0023BEC7 /* Build configuration list for PBXProject "Xylophone-App-MyTake" */ = {
			isa = XCConfigurationList;
			buildConfigurations = (
				2DE03A6326DB61DB0023BEC7 /* Debug */,
				2DE03A6426DB61DB0023BEC7 /* Release */,
			);
			defaultConfigurationIsVisible = 0;
			defaultConfigurationName = Release;
		};
		2DE03A6526DB61DB0023BEC7 /* Build configuration list for PBXNativeTarget "Xylophone-App-MyTake" */ = {
			isa = XCConfigurationList;
			buildConfigurations = (
				2DE03A6626DB61DB0023BEC7 /* Debug */,
				2DE03A6726DB61DB0023BEC7 /* Release */,
			);
			defaultConfigurationIsVisible = 0;
			defaultConfigurationName = Release;
		};
/* End XCConfigurationList section */
	};
	rootObject = 2DE03A4926DB61DA0023BEC7 /* Project object */;
}
